{
  "name": "Event_management",
  "lockfileVersion": 3,
  "requires": true,
  "packages": {
    "": {
      "dependencies": {
        "lucide": "^0.512.0"
      }
    },
    "node_modules/lucide": {
      "version": "0.512.0",
      "resolved": "https://registry.npmjs.org/lucide/-/lucide-0.512.0.tgz",
      "integrity": "sha512-xhGlxIyA/kgPGNeqoO4W9dIPNTAHwdA9EHQOoDqnE8+vjGZnKR6YH4u1r0GbpKJozLghE9LFZ8VOHdfMvQJGIQ==",
      "license": "ISC"
    }
  }
}
